github.com/go-sql-driver/mysql v1.6.0 h1:BCTh4TKNUYmOmMUcQ3IipzF5prigylS7XXjEkfCHuOE=
github.com/go-sql-driver/mysql v1.6.0/go.mod h1:DCzpHaOWr8IXmIStZouvnhqoel9Qv2LBy8hT2VhHyBg=
github.com/gorilla/mux v1.8.0 h1:i40aqfkR1h2SlN9hojwV5ZA91wcXFOvkdNIeFDP5koI=
github.com/gorilla/mux v1.8.0/go.mod h1:DVbg23sWSpFRCP0SfiEN6jmj59UnW/n46BH5rLB71So=
github.com/keithagy-raelyz/GoLive v0.0.0-20210430080557-0a7263481b1a h1:d6tOiUE2d3R9SnkyHgDlTa3XnnIqvKvFuAmSVTCXVbc=
github.com/keithagy-raelyz/GoLive v0.0.0-20210430080557-0a7263481b1a/go.mod h1:bz+7UpiaaIbnkdaP5yKcQf3Cj+1crfKwuUeyxz7zae4=
github.com/lazywei/go-opencv v0.0.0-20190115070742-a4fe8ec027cc h1:Eo/8ytR1c43l4AAoxT5A26wKUpS/hr8JTRCmPEUiu9Q=
github.com/lazywei/go-opencv v0.0.0-20190115070742-a4fe8ec027cc/go.mod h1:NzTIqhnXetOqnR7TfHJuIonF3nQ2y9yC51OvfXcKpn8=
